{"installed":{"smile":"tinystruct.examples.hello","users":"tinystruct.examples.firstApplication","version":"tinystruct.examples.firstApplication","tinyeditor":"tinystruct.examples.tinyeditor","user":"tinystruct.examples.firstApplication","youhappy":"tinystruct.examples.firstApplication","info":"tinystruct.examples.error","time/update":"tinystruct.examples.time","read":"tinystruct.examples.firstApplication","startup":"tinystruct.examples.startup","generate":"tinystruct.examples.firstApplication","time/start":"tinystruct.examples.time","time":"tinystruct.examples.time","say":"tinystruct.examples.firstApplication","tinyeditor/version":"tinystruct.examples.tinyeditor","time/stop":"tinystruct.examples.time","tinyeditor/update":"tinystruct.examples.tinyeditor","praise":"tinystruct.examples.firstApplication","tinyeditor/save":"tinystruct.examples.tinyeditor","error":"tinystruct.examples.error"},"updated":true}